
Microsoft Visual Studio Solution File, Format Version 12.00
# Visual Studio Version 16
VisualStudioVersion = 16.0.29306.81
MinimumVisualStudioVersion = 10.0.40219.1
Project("{FAE04EC0-301F-11D3-BF4B-00C04F79EFBC}") = "MobileAppAssignment.Android", "MobileAppAssignment\MobileAppAssignment.Android\MobileAppAssignment.Android.csproj", "{4C95337C-51A1-4687-A502-9888712FBC16}"
EndProject
Project("{FAE04EC0-301F-11D3-BF4B-00C04F79EFBC}") = "MobileAppAssignment.iOS", "MobileAppAssignment\MobileAppAssignment.iOS\MobileAppAssignment.iOS.csproj", "{3482418F-5565-41A9-AE1C-ECD2BA855812}"
EndProject
Project("{FAE04EC0-301F-11D3-BF4B-00C04F79EFBC}") = "MobileAppAssignment", "MobileAppAssignment\MobileAppAssignment\MobileAppAssignment.csproj", "{BEC3B629-CC0B-443F-AF4D-6D7A91A416E6}"
EndProject
Global
	GlobalSection(SolutionConfigurationPlatforms) = preSolution
		Debug|Any CPU = Debug|Any CPU
		Debug|iPhone = Debug|iPhone
		Debug|iPhoneSimulator = Debug|iPhoneSimulator
		Release|Any CPU = Release|Any CPU
		Release|iPhone = Release|iPhone
		Release|iPhoneSimulator = Release|iPhoneSimulator
	EndGlobalSection
	GlobalSection(ProjectConfigurationPlatforms) = postSolution
		{4C95337C-51A1-4687-A502-9888712FBC16}.Debug|Any CPU.ActiveCfg = Debug|Any CPU
		{4C95337C-51A1-4687-A502-9888712FBC16}.Debug|Any CPU.Build.0 = Debug|Any CPU
		{4C95337C-51A1-4687-A502-9888712FBC16}.Debug|Any CPU.Deploy.0 = Debug|Any CPU
		{4C95337C-51A1-4687-A502-9888712FBC16}.Debug|iPhone.ActiveCfg = Debug|Any CPU
		{4C95337C-51A1-4687-A502-9888712FBC16}.Debug|iPhone.Build.0 = Debug|Any CPU
		{4C95337C-51A1-4687-A502-9888712FBC16}.Debug|iPhone.Deploy.0 = Debug|Any CPU
		{4C95337C-51A1-4687-A502-9888712FBC16}.Debug|iPhoneSimulator.ActiveCfg = Debug|Any CPU
		{4C95337C-51A1-4687-A502-9888712FBC16}.Debug|iPhoneSimulator.Build.0 = Debug|Any CPU
		{4C95337C-51A1-4687-A502-9888712FBC16}.Debug|iPhoneSimulator.Deploy.0 = Debug|Any CPU
		{4C95337C-51A1-4687-A502-9888712FBC16}.Release|Any CPU.ActiveCfg = Release|Any CPU
		{4C95337C-51A1-4687-A502-9888712FBC16}.Release|Any CPU.Build.0 = Release|Any CPU
		{4C95337C-51A1-4687-A502-9888712FBC16}.Release|Any CPU.Deploy.0 = Release|Any CPU
		{4C95337C-51A1-4687-A502-9888712FBC16}.Release|iPhone.ActiveCfg = Release|Any CPU
		{4C95337C-51A1-4687-A502-9888712FBC16}.Release|iPhone.Build.0 = Release|Any CPU
		{4C95337C-51A1-4687-A502-9888712FBC16}.Release|iPhone.Deploy.0 = Release|Any CPU
		{4C95337C-51A1-4687-A502-9888712FBC16}.Release|iPhoneSimulator.ActiveCfg = Release|Any CPU
		{4C95337C-51A1-4687-A502-9888712FBC16}.Release|iPhoneSimulator.Build.0 = Release|Any CPU
		{4C95337C-51A1-4687-A502-9888712FBC16}.Release|iPhoneSimulator.Deploy.0 = Release|Any CPU
		{3482418F-5565-41A9-AE1C-ECD2BA855812}.Debug|Any CPU.ActiveCfg = Debug|iPhoneSimulator
		{3482418F-5565-41A9-AE1C-ECD2BA855812}.Debug|Any CPU.Build.0 = Debug|iPhoneSimulator
		{3482418F-5565-41A9-AE1C-ECD2BA855812}.Debug|Any CPU.Deploy.0 = Debug|iPhoneSimulator
		{3482418F-5565-41A9-AE1C-ECD2BA855812}.Debug|iPhone.ActiveCfg = Debug|iPhone
		{3482418F-5565-41A9-AE1C-ECD2BA855812}.Debug|iPhone.Build.0 = Debug|iPhone
		{3482418F-5565-41A9-AE1C-ECD2BA855812}.Debug|iPhone.Deploy.0 = Debug|iPhone
		{3482418F-5565-41A9-AE1C-ECD2BA855812}.Debug|iPhoneSimulator.ActiveCfg = Debug|iPhoneSimulator
		{3482418F-5565-41A9-AE1C-ECD2BA855812}.Debug|iPhoneSimulator.Build.0 = Debug|iPhoneSimulator
		{3482418F-5565-41A9-AE1C-ECD2BA855812}.Debug|iPhoneSimulator.Deploy.0 = Debug|iPhoneSimulator
		{3482418F-5565-41A9-AE1C-ECD2BA855812}.Release|Any CPU.ActiveCfg = Release|iPhone
		{3482418F-5565-41A9-AE1C-ECD2BA855812}.Release|Any CPU.Build.0 = Release|iPhone
		{3482418F-5565-41A9-AE1C-ECD2BA855812}.Release|Any CPU.Deploy.0 = Release|iPhone
		{3482418F-5565-41A9-AE1C-ECD2BA855812}.Release|iPhone.ActiveCfg = Release|iPhone
		{3482418F-5565-41A9-AE1C-ECD2BA855812}.Release|iPhone.Build.0 = Release|iPhone
		{3482418F-5565-41A9-AE1C-ECD2BA855812}.Release|iPhone.Deploy.0 = Release|iPhone
		{3482418F-5565-41A9-AE1C-ECD2BA855812}.Release|iPhoneSimulator.ActiveCfg = Release|iPhoneSimulator
		{3482418F-5565-41A9-AE1C-ECD2BA855812}.Release|iPhoneSimulator.Build.0 = Release|iPhoneSimulator
		{3482418F-5565-41A9-AE1C-ECD2BA855812}.Release|iPhoneSimulator.Deploy.0 = Release|iPhoneSimulator
		{BEC3B629-CC0B-443F-AF4D-6D7A91A416E6}.Debug|Any CPU.ActiveCfg = Debug|Any CPU
		{BEC3B629-CC0B-443F-AF4D-6D7A91A416E6}.Debug|Any CPU.Build.0 = Debug|Any CPU
		{BEC3B629-CC0B-443F-AF4D-6D7A91A416E6}.Debug|Any CPU.Deploy.0 = Debug|Any CPU
		{BEC3B629-CC0B-443F-AF4D-6D7A91A416E6}.Debug|iPhone.ActiveCfg = Debug|Any CPU
		{BEC3B629-CC0B-443F-AF4D-6D7A91A416E6}.Debug|iPhone.Build.0 = Debug|Any CPU
		{BEC3B629-CC0B-443F-AF4D-6D7A91A416E6}.Debug|iPhone.Deploy.0 = Debug|Any CPU
		{BEC3B629-CC0B-443F-AF4D-6D7A91A416E6}.Debug|iPhoneSimulator.ActiveCfg = Debug|Any CPU
		{BEC3B629-CC0B-443F-AF4D-6D7A91A416E6}.Debug|iPhoneSimulator.Build.0 = Debug|Any CPU
		{BEC3B629-CC0B-443F-AF4D-6D7A91A416E6}.Debug|iPhoneSimulator.Deploy.0 = Debug|Any CPU
		{BEC3B629-CC0B-443F-AF4D-6D7A91A416E6}.Release|Any CPU.ActiveCfg = Release|Any CPU
		{BEC3B629-CC0B-443F-AF4D-6D7A91A416E6}.Release|Any CPU.Build.0 = Release|Any CPU
		{BEC3B629-CC0B-443F-AF4D-6D7A91A416E6}.Release|Any CPU.Deploy.0 = Release|Any CPU
		{BEC3B629-CC0B-443F-AF4D-6D7A91A416E6}.Release|iPhone.ActiveCfg = Release|Any CPU
		{BEC3B629-CC0B-443F-AF4D-6D7A91A416E6}.Release|iPhone.Build.0 = Release|Any CPU
		{BEC3B629-CC0B-443F-AF4D-6D7A91A416E6}.Release|iPhone.Deploy.0 = Release|Any CPU
		{BEC3B629-CC0B-443F-AF4D-6D7A91A416E6}.Release|iPhoneSimulator.ActiveCfg = Release|Any CPU
		{BEC3B629-CC0B-443F-AF4D-6D7A91A416E6}.Release|iPhoneSimulator.Build.0 = Release|Any CPU
		{BEC3B629-CC0B-443F-AF4D-6D7A91A416E6}.Release|iPhoneSimulator.Deploy.0 = Release|Any CPU
	EndGlobalSection
	GlobalSection(SolutionProperties) = preSolution
		HideSolutionNode = FALSE
	EndGlobalSection
	GlobalSection(ExtensibilityGlobals) = postSolution
		SolutionGuid = {E6F0FA8B-90E4-45FF-AC83-B8D52C79085F}
	EndGlobalSection
EndGlobal
